
Microsoft Visual Studio Solution File, Format Version 12.00
# Visual Studio Version 16
VisualStudioVersion = 16.0.30309.148
MinimumVisualStudioVersion = 10.0.40219.1
Project("{FAE04EC0-301F-11D3-BF4B-00C04F79EFBC}") = "CordaApp", "CordaApp\CordaApp.csproj", "{A31D6B1E-4C15-4A08-BA3B-099235F1F59F}"
EndProject
Global
	GlobalSection(SolutionConfigurationPlatforms) = preSolution
		Debug|Any CPU = Debug|Any CPU
		Release|Any CPU = Release|Any CPU
	EndGlobalSection
	GlobalSection(ProjectConfigurationPlatforms) = postSolution
		{A31D6B1E-4C15-4A08-BA3B-099235F1F59F}.Debug|Any CPU.ActiveCfg = Debug|Any CPU
		{A31D6B1E-4C15-4A08-BA3B-099235F1F59F}.Debug|Any CPU.Build.0 = Debug|Any CPU
		{A31D6B1E-4C15-4A08-BA3B-099235F1F59F}.Release|Any CPU.ActiveCfg = Release|Any CPU
		{A31D6B1E-4C15-4A08-BA3B-099235F1F59F}.Release|Any CPU.Build.0 = Release|Any CPU
	EndGlobalSection
	GlobalSection(SolutionProperties) = preSolution
		HideSolutionNode = FALSE
	EndGlobalSection
	GlobalSection(ExtensibilityGlobals) = postSolution
		SolutionGuid = {9AD89E06-26EB-4BFC-9A61-42C5E5E97E90}
	EndGlobalSection
EndGlobal
